// !$*UTF8*$!
{
	archiveVersion = 1;
	classes = {
	};
	objectVersion = 50;
	objects = {

/* Begin PBXFileReference section */
		A29D84A82D38D69A00B1361E /* scrape538.py */ = {isa = PBXFileReference; lastKnownFileType = text.script.python; path = scrape538.py; sourceTree = "<group>"; };
/* End PBXFileReference section */

/* Begin PBXGroup section */
		A29D84A12D38D67700B1361E = {
			isa = PBXGroup;
			children = (
				A29D84A82D38D69A00B1361E /* scrape538.py */,
			);
			sourceTree = "<group>";
		};
/* End PBXGroup section */

/* Begin PBXProject section */
		A29D84A22D38D67700B1361E /* Project object */ = {
			isa = PBXProject;
			attributes = {
				LastUpgradeCheck = 1240;
			};
			buildConfigurationList = A29D84A52D38D67700B1361E /* Build configuration list for PBXProject "rapture" */;
			compatibilityVersion = "Xcode 9.3";
			developmentRegion = en;
			hasScannedForEncodings = 0;
			knownRegions = (
				en,
				Base,
			);
			mainGroup = A29D84A12D38D67700B1361E;
			projectDirPath = "";
			projectRoot = "";
			targets = (
			);
		};
/* End PBXProject section */

/* Begin XCBuildConfiguration section */
		A29D84A62D38D67700B1361E /* Debug */ = {
			isa = XCBuildConfiguration;
			buildSettings = {
			};
			name = Debug;
		};
		A29D84A72D38D67700B1361E /* Release */ = {
			isa = XCBuildConfiguration;
			buildSettings = {
			};
			name = Release;
		};
/* End XCBuildConfiguration section */

/* Begin XCConfigurationList section */
		A29D84A52D38D67700B1361E /* Build configuration list for PBXProject "rapture" */ = {
			isa = XCConfigurationList;
			buildConfigurations = (
				A29D84A62D38D67700B1361E /* Debug */,
				A29D84A72D38D67700B1361E /* Release */,
			);
			defaultConfigurationIsVisible = 0;
			defaultConfigurationName = Release;
		};
/* End XCConfigurationList section */
	};
	rootObject = A29D84A22D38D67700B1361E /* Project object */;
}
